
Microsoft Visual Studio Solution File, Format Version 12.00
# Visual Studio Version 17
VisualStudioVersion = 17.1.32407.343
MinimumVisualStudioVersion = 10.0.40219.1
Project("{FAE04EC0-301F-11D3-BF4B-00C04F79EFBC}") = "SimpleApp", "SimpleApp\SimpleApp.csproj", "{75209258-0E42-43AC-98E9-94D0C750A01E}"
EndProject
Global
	GlobalSection(SolutionConfigurationPlatforms) = preSolution
		Debug|Any CPU = Debug|Any CPU
		Release|Any CPU = Release|Any CPU
	EndGlobalSection
	GlobalSection(ProjectConfigurationPlatforms) = postSolution
		{75209258-0E42-43AC-98E9-94D0C750A01E}.Debug|Any CPU.ActiveCfg = Debug|Any CPU
		{75209258-0E42-43AC-98E9-94D0C750A01E}.Debug|Any CPU.Build.0 = Debug|Any CPU
		{75209258-0E42-43AC-98E9-94D0C750A01E}.Release|Any CPU.ActiveCfg = Release|Any CPU
		{75209258-0E42-43AC-98E9-94D0C750A01E}.Release|Any CPU.Build.0 = Release|Any CPU
	EndGlobalSection
	GlobalSection(SolutionProperties) = preSolution
		HideSolutionNode = FALSE
	EndGlobalSection
	GlobalSection(ExtensibilityGlobals) = postSolution
		SolutionGuid = {2AB06398-7BB6-474F-AB75-5B75E921E809}
	EndGlobalSection
EndGlobal
