
Microsoft Visual Studio Solution File, Format Version 12.00
# Visual Studio Express 15 for Windows Desktop
VisualStudioVersion = 15.0.28307.1705
MinimumVisualStudioVersion = 10.0.40219.1
Project("{FAE04EC0-301F-11D3-BF4B-00C04F79EFBC}") = "ShowIt", "ShowIt\ShowIt.csproj", "{763308DC-9C51-48F0-89BA-79F48179632E}"
EndProject
Global
	GlobalSection(SolutionConfigurationPlatforms) = preSolution
		Debug|Any CPU = Debug|Any CPU
		Release|Any CPU = Release|Any CPU
	EndGlobalSection
	GlobalSection(ProjectConfigurationPlatforms) = postSolution
		{763308DC-9C51-48F0-89BA-79F48179632E}.Debug|Any CPU.ActiveCfg = Debug|Any CPU
		{763308DC-9C51-48F0-89BA-79F48179632E}.Debug|Any CPU.Build.0 = Debug|Any CPU
		{763308DC-9C51-48F0-89BA-79F48179632E}.Release|Any CPU.ActiveCfg = Release|Any CPU
		{763308DC-9C51-48F0-89BA-79F48179632E}.Release|Any CPU.Build.0 = Release|Any CPU
	EndGlobalSection
	GlobalSection(SolutionProperties) = preSolution
		HideSolutionNode = FALSE
	EndGlobalSection
	GlobalSection(ExtensibilityGlobals) = postSolution
		SolutionGuid = {5B47B86D-875E-4194-A47A-518BFC037516}
	EndGlobalSection
EndGlobal
