
Microsoft Visual Studio Solution File, Format Version 12.00
# Visual Studio Express 15 for Windows Desktop
VisualStudioVersion = 15.0.28307.1705
MinimumVisualStudioVersion = 10.0.40219.1
Project("{FAE04EC0-301F-11D3-BF4B-00C04F79EFBC}") = "Lesson3C", "Lesson3C\Lesson3C.csproj", "{72E89B94-6AC5-4629-A772-C67989617DB6}"
EndProject
Project("{FAE04EC0-301F-11D3-BF4B-00C04F79EFBC}") = "Lesson3D", "Lesson3D\Lesson3D.csproj", "{D0A47BC2-F13A-4215-A8A0-4F1F82F26F11}"
EndProject
Project("{FAE04EC0-301F-11D3-BF4B-00C04F79EFBC}") = "Lesson3DHomework", "Lesson3DHomework\Lesson3DHomework.csproj", "{F201DCA9-39AC-4D51-BA0C-86C05C05FE4D}"
EndProject
Project("{FAE04EC0-301F-11D3-BF4B-00C04F79EFBC}") = "Lesson3E", "Lesson3E\Lesson3E.csproj", "{11A32B3F-4DAB-43CE-94B0-6B6207E71804}"
EndProject
Global
	GlobalSection(SolutionConfigurationPlatforms) = preSolution
		Debug|Any CPU = Debug|Any CPU
		Release|Any CPU = Release|Any CPU
	EndGlobalSection
	GlobalSection(ProjectConfigurationPlatforms) = postSolution
		{72E89B94-6AC5-4629-A772-C67989617DB6}.Debug|Any CPU.ActiveCfg = Debug|Any CPU
		{72E89B94-6AC5-4629-A772-C67989617DB6}.Debug|Any CPU.Build.0 = Debug|Any CPU
		{72E89B94-6AC5-4629-A772-C67989617DB6}.Release|Any CPU.ActiveCfg = Release|Any CPU
		{72E89B94-6AC5-4629-A772-C67989617DB6}.Release|Any CPU.Build.0 = Release|Any CPU
		{D0A47BC2-F13A-4215-A8A0-4F1F82F26F11}.Debug|Any CPU.ActiveCfg = Debug|Any CPU
		{D0A47BC2-F13A-4215-A8A0-4F1F82F26F11}.Debug|Any CPU.Build.0 = Debug|Any CPU
		{D0A47BC2-F13A-4215-A8A0-4F1F82F26F11}.Release|Any CPU.ActiveCfg = Release|Any CPU
		{D0A47BC2-F13A-4215-A8A0-4F1F82F26F11}.Release|Any CPU.Build.0 = Release|Any CPU
		{F201DCA9-39AC-4D51-BA0C-86C05C05FE4D}.Debug|Any CPU.ActiveCfg = Debug|Any CPU
		{F201DCA9-39AC-4D51-BA0C-86C05C05FE4D}.Debug|Any CPU.Build.0 = Debug|Any CPU
		{F201DCA9-39AC-4D51-BA0C-86C05C05FE4D}.Release|Any CPU.ActiveCfg = Release|Any CPU
		{F201DCA9-39AC-4D51-BA0C-86C05C05FE4D}.Release|Any CPU.Build.0 = Release|Any CPU
		{11A32B3F-4DAB-43CE-94B0-6B6207E71804}.Debug|Any CPU.ActiveCfg = Debug|Any CPU
		{11A32B3F-4DAB-43CE-94B0-6B6207E71804}.Debug|Any CPU.Build.0 = Debug|Any CPU
		{11A32B3F-4DAB-43CE-94B0-6B6207E71804}.Release|Any CPU.ActiveCfg = Release|Any CPU
		{11A32B3F-4DAB-43CE-94B0-6B6207E71804}.Release|Any CPU.Build.0 = Release|Any CPU
	EndGlobalSection
	GlobalSection(SolutionProperties) = preSolution
		HideSolutionNode = FALSE
	EndGlobalSection
	GlobalSection(ExtensibilityGlobals) = postSolution
		SolutionGuid = {49586E49-DB95-41F9-A5B1-0E6653E0CCB5}
	EndGlobalSection
EndGlobal
