
Microsoft Visual Studio Solution File, Format Version 12.00
# Visual Studio Express 15 for Windows Desktop
VisualStudioVersion = 15.0.28307.1705
MinimumVisualStudioVersion = 10.0.40219.1
Project("{FAE04EC0-301F-11D3-BF4B-00C04F79EFBC}") = "Simple1", "Simple1\Simple1.csproj", "{7016E085-4413-4563-B37A-3F7953927A4F}"
EndProject
Project("{FAE04EC0-301F-11D3-BF4B-00C04F79EFBC}") = "SampleAssignment", "SampleAssignment\SampleAssignment.csproj", "{EAFD4C25-E80F-48B7-AA89-AAC7BA0427B0}"
EndProject
Global
	GlobalSection(SolutionConfigurationPlatforms) = preSolution
		Debug|Any CPU = Debug|Any CPU
		Release|Any CPU = Release|Any CPU
	EndGlobalSection
	GlobalSection(ProjectConfigurationPlatforms) = postSolution
		{7016E085-4413-4563-B37A-3F7953927A4F}.Debug|Any CPU.ActiveCfg = Debug|Any CPU
		{7016E085-4413-4563-B37A-3F7953927A4F}.Debug|Any CPU.Build.0 = Debug|Any CPU
		{7016E085-4413-4563-B37A-3F7953927A4F}.Release|Any CPU.ActiveCfg = Release|Any CPU
		{7016E085-4413-4563-B37A-3F7953927A4F}.Release|Any CPU.Build.0 = Release|Any CPU
		{EAFD4C25-E80F-48B7-AA89-AAC7BA0427B0}.Debug|Any CPU.ActiveCfg = Debug|Any CPU
		{EAFD4C25-E80F-48B7-AA89-AAC7BA0427B0}.Debug|Any CPU.Build.0 = Debug|Any CPU
		{EAFD4C25-E80F-48B7-AA89-AAC7BA0427B0}.Release|Any CPU.ActiveCfg = Release|Any CPU
		{EAFD4C25-E80F-48B7-AA89-AAC7BA0427B0}.Release|Any CPU.Build.0 = Release|Any CPU
	EndGlobalSection
	GlobalSection(SolutionProperties) = preSolution
		HideSolutionNode = FALSE
	EndGlobalSection
	GlobalSection(ExtensibilityGlobals) = postSolution
		SolutionGuid = {20EB8BAC-8DD9-4B19-8DE6-30F8DCC9D05A}
	EndGlobalSection
EndGlobal
