
Microsoft Visual Studio Solution File, Format Version 12.00
# Visual Studio Version 17
VisualStudioVersion = 17.1.32407.343
MinimumVisualStudioVersion = 10.0.40219.1
Project("{FAE04EC0-301F-11D3-BF4B-00C04F79EFBC}") = "Solution", "Delegate_Assign\Solution.csproj", "{1ABC2145-0879-4F42-BADF-B2D971BEDF4A}"
EndProject
Global
	GlobalSection(SolutionConfigurationPlatforms) = preSolution
		Debug|Any CPU = Debug|Any CPU
		Release|Any CPU = Release|Any CPU
	EndGlobalSection
	GlobalSection(ProjectConfigurationPlatforms) = postSolution
		{1ABC2145-0879-4F42-BADF-B2D971BEDF4A}.Debug|Any CPU.ActiveCfg = Debug|Any CPU
		{1ABC2145-0879-4F42-BADF-B2D971BEDF4A}.Debug|Any CPU.Build.0 = Debug|Any CPU
		{1ABC2145-0879-4F42-BADF-B2D971BEDF4A}.Release|Any CPU.ActiveCfg = Release|Any CPU
		{1ABC2145-0879-4F42-BADF-B2D971BEDF4A}.Release|Any CPU.Build.0 = Release|Any CPU
	EndGlobalSection
	GlobalSection(SolutionProperties) = preSolution
		HideSolutionNode = FALSE
	EndGlobalSection
	GlobalSection(ExtensibilityGlobals) = postSolution
		SolutionGuid = {A45C97CC-BED1-40DB-A19F-7C227AA62F9F}
	EndGlobalSection
EndGlobal
